
Microsoft Visual Studio Solution File, Format Version 12.00
# Visual Studio Version 17
VisualStudioVersion = 17.3.32811.315
MinimumVisualStudioVersion = 10.0.40219.1
Project("{FAE04EC0-301F-11D3-BF4B-00C04F79EFBC}") = "DotNetOPCClient", "DotNetOPCClient.csproj", "{6ACC6F98-DA78-4279-AA0D-C7D6C2005849}"
EndProject
Global
	GlobalSection(SolutionConfigurationPlatforms) = preSolution
		Debug|Any CPU = Debug|Any CPU
		Release|Any CPU = Release|Any CPU
	EndGlobalSection
	GlobalSection(ProjectConfigurationPlatforms) = postSolution
		{6ACC6F98-DA78-4279-AA0D-C7D6C2005849}.Debug|Any CPU.ActiveCfg = Debug|Any CPU
		{6ACC6F98-DA78-4279-AA0D-C7D6C2005849}.Debug|Any CPU.Build.0 = Debug|Any CPU
		{6ACC6F98-DA78-4279-AA0D-C7D6C2005849}.Release|Any CPU.ActiveCfg = Release|Any CPU
		{6ACC6F98-DA78-4279-AA0D-C7D6C2005849}.Release|Any CPU.Build.0 = Release|Any CPU
	EndGlobalSection
	GlobalSection(SolutionProperties) = preSolution
		HideSolutionNode = FALSE
	EndGlobalSection
	GlobalSection(ExtensibilityGlobals) = postSolution
		SolutionGuid = {669C5EF8-B6D6-44C5-ACB0-3F83766A47E1}
	EndGlobalSection
EndGlobal
