
Microsoft Visual Studio Solution File, Format Version 12.00
# Visual Studio Version 17
VisualStudioVersion = 17.3.32811.315
MinimumVisualStudioVersion = 10.0.40219.1
Project("{FAE04EC0-301F-11D3-BF4B-00C04F79EFBC}") = "DotNetOPCServer", "DotNetOPCServer.csproj", "{3449261C-1E5C-4BC9-A048-A1FCEEDE9ECE}"
EndProject
Global
	GlobalSection(SolutionConfigurationPlatforms) = preSolution
		Debug|Any CPU = Debug|Any CPU
		Release|Any CPU = Release|Any CPU
	EndGlobalSection
	GlobalSection(ProjectConfigurationPlatforms) = postSolution
		{3449261C-1E5C-4BC9-A048-A1FCEEDE9ECE}.Debug|Any CPU.ActiveCfg = Debug|Any CPU
		{3449261C-1E5C-4BC9-A048-A1FCEEDE9ECE}.Debug|Any CPU.Build.0 = Debug|Any CPU
		{3449261C-1E5C-4BC9-A048-A1FCEEDE9ECE}.Release|Any CPU.ActiveCfg = Release|Any CPU
		{3449261C-1E5C-4BC9-A048-A1FCEEDE9ECE}.Release|Any CPU.Build.0 = Release|Any CPU
	EndGlobalSection
	GlobalSection(SolutionProperties) = preSolution
		HideSolutionNode = FALSE
	EndGlobalSection
	GlobalSection(ExtensibilityGlobals) = postSolution
		SolutionGuid = {D57235E7-9512-42EF-963D-9ACC56240FC0}
	EndGlobalSection
EndGlobal
